
Microsoft Visual Studio Solution File, Format Version 12.00
# Visual Studio Version 16
VisualStudioVersion = 25.0.1703.6
MinimumVisualStudioVersion = 10.0.40219.1
Project("{FAE04EC0-301F-11D3-BF4B-00C04F79EFBC}") = "reconnect-backend-repo", "reconnect-backend-repo\reconnect-backend-repo.csproj", "{76CCA764-2605-4A53-A70F-C6004411F5AB}"
EndProject
Global
	GlobalSection(SolutionConfigurationPlatforms) = preSolution
		Debug|Any CPU = Debug|Any CPU
		Release|Any CPU = Release|Any CPU
	EndGlobalSection
	GlobalSection(ProjectConfigurationPlatforms) = postSolution
		{76CCA764-2605-4A53-A70F-C6004411F5AB}.Debug|Any CPU.ActiveCfg = Debug|Any CPU
		{76CCA764-2605-4A53-A70F-C6004411F5AB}.Debug|Any CPU.Build.0 = Debug|Any CPU
		{76CCA764-2605-4A53-A70F-C6004411F5AB}.Release|Any CPU.ActiveCfg = Release|Any CPU
		{76CCA764-2605-4A53-A70F-C6004411F5AB}.Release|Any CPU.Build.0 = Release|Any CPU
	EndGlobalSection
	GlobalSection(SolutionProperties) = preSolution
		HideSolutionNode = FALSE
	EndGlobalSection
	GlobalSection(ExtensibilityGlobals) = postSolution
		SolutionGuid = {5A808C52-01A3-489B-9BA4-486EC0AE54BD}
	EndGlobalSection
EndGlobal
